
Microsoft Visual Studio Solution File, Format Version 12.00
# Visual Studio Version 16
VisualStudioVersion = 16.0.30320.27
MinimumVisualStudioVersion = 10.0.40219.1
Project("{9A19103F-16F7-4668-BE54-9A1E7A4F7556}") = "AS Client", "AS Client\AS Client.csproj", "{A7739995-9438-4B49-8BD1-09B327FAC0E8}"
EndProject
Project("{9A19103F-16F7-4668-BE54-9A1E7A4F7556}") = "AS Agent", "AS Agent\AS Agent.csproj", "{854E32FC-684D-4630-A779-B4662C29073E}"
EndProject
Project("{FAE04EC0-301F-11D3-BF4B-00C04F79EFBC}") = "AS Server", "AS Server\AS Server.csproj", "{A422F03F-2ACC-4D35-942D-79D497BED83B}"
EndProject
Project("{D954291E-2A0B-460D-934E-DC6B0785DB48}") = "AS Communication", "AS Communication\AS Communication.shproj", "{9BD3DB16-71F4-4895-9593-D80FEFE007E2}"
EndProject
Global
	GlobalSection(SolutionConfigurationPlatforms) = preSolution
		Debug|Any CPU = Debug|Any CPU
		Release|Any CPU = Release|Any CPU
	EndGlobalSection
	GlobalSection(ProjectConfigurationPlatforms) = postSolution
		{A7739995-9438-4B49-8BD1-09B327FAC0E8}.Debug|Any CPU.ActiveCfg = Debug|Any CPU
		{A7739995-9438-4B49-8BD1-09B327FAC0E8}.Debug|Any CPU.Build.0 = Debug|Any CPU
		{A7739995-9438-4B49-8BD1-09B327FAC0E8}.Release|Any CPU.ActiveCfg = Release|Any CPU
		{A7739995-9438-4B49-8BD1-09B327FAC0E8}.Release|Any CPU.Build.0 = Release|Any CPU
		{854E32FC-684D-4630-A779-B4662C29073E}.Debug|Any CPU.ActiveCfg = Debug|Any CPU
		{854E32FC-684D-4630-A779-B4662C29073E}.Debug|Any CPU.Build.0 = Debug|Any CPU
		{854E32FC-684D-4630-A779-B4662C29073E}.Release|Any CPU.ActiveCfg = Release|Any CPU
		{854E32FC-684D-4630-A779-B4662C29073E}.Release|Any CPU.Build.0 = Release|Any CPU
		{A422F03F-2ACC-4D35-942D-79D497BED83B}.Debug|Any CPU.ActiveCfg = Debug|Any CPU
		{A422F03F-2ACC-4D35-942D-79D497BED83B}.Debug|Any CPU.Build.0 = Debug|Any CPU
		{A422F03F-2ACC-4D35-942D-79D497BED83B}.Release|Any CPU.ActiveCfg = Release|Any CPU
		{A422F03F-2ACC-4D35-942D-79D497BED83B}.Release|Any CPU.Build.0 = Release|Any CPU
	EndGlobalSection
	GlobalSection(SolutionProperties) = preSolution
		HideSolutionNode = FALSE
	EndGlobalSection
	GlobalSection(ExtensibilityGlobals) = postSolution
		SolutionGuid = {3C1C7CA2-857A-4D30-974C-10DCAF7CA786}
	EndGlobalSection
EndGlobal
